
Microsoft Visual Studio Solution File, Format Version 12.00
# Visual Studio Version 16
VisualStudioVersion = 16.0.29306.81
MinimumVisualStudioVersion = 10.0.40219.1
Project("{8BC9CEB8-8B4A-11D0-8D11-00A0C91BC942}") = "Timer7", "Timer7.vcxproj", "{7561BA8E-C608-42F7-BBCE-BE6A574D5895}"
EndProject
Global
	GlobalSection(SolutionConfigurationPlatforms) = preSolution
		Debug|x64 = Debug|x64
		Debug|x86 = Debug|x86
		Release|x64 = Release|x64
		Release|x86 = Release|x86
	EndGlobalSection
	GlobalSection(ProjectConfigurationPlatforms) = postSolution
		{7561BA8E-C608-42F7-BBCE-BE6A574D5895}.Debug|x64.ActiveCfg = Debug|x64
		{7561BA8E-C608-42F7-BBCE-BE6A574D5895}.Debug|x64.Build.0 = Debug|x64
		{7561BA8E-C608-42F7-BBCE-BE6A574D5895}.Debug|x86.ActiveCfg = Debug|Win32
		{7561BA8E-C608-42F7-BBCE-BE6A574D5895}.Debug|x86.Build.0 = Debug|Win32
		{7561BA8E-C608-42F7-BBCE-BE6A574D5895}.Release|x64.ActiveCfg = Release|x64
		{7561BA8E-C608-42F7-BBCE-BE6A574D5895}.Release|x64.Build.0 = Release|x64
		{7561BA8E-C608-42F7-BBCE-BE6A574D5895}.Release|x86.ActiveCfg = Release|Win32
		{7561BA8E-C608-42F7-BBCE-BE6A574D5895}.Release|x86.Build.0 = Release|Win32
	EndGlobalSection
	GlobalSection(SolutionProperties) = preSolution
		HideSolutionNode = FALSE
	EndGlobalSection
	GlobalSection(ExtensibilityGlobals) = postSolution
		SolutionGuid = {2A626E84-1813-4CF0-93D3-1E966D9904FD}
	EndGlobalSection
EndGlobal
